# This file is automatically @generated by Cargo.
# It is not intended for manual editing.
version = 4

[[package]]
name = "bytes"
version = "1.10.1"
source = "registry+https://github.com/rust-lang/crates.io-index"
checksum = "d71b6127be86fdcfddb610f7182ac57211d4b18a3e9c82eb2d17662f2227ad6a"

[[package]]
name = "ecow"
version = "0.2.6"
source = "registry+https://github.com/rust-lang/crates.io-index"
checksum = "78e4f79b296fbaab6ce2e22d52cb4c7f010fe0ebe7a32e34fa25885fd797bd02"

[[package]]
name = "riscvas"
version = "0.1.0"
dependencies = [
 "bytes",
 "ecow",
]
